
Microsoft Visual Studio Solution File, Format Version 12.00
# Visual Studio Version 17
VisualStudioVersion = 17.14.36518.9 d17.14
MinimumVisualStudioVersion = 10.0.40219.1
Project("{8BC9CEB8-8B4A-11D0-8D11-00A0C91BC942}") = "Task_1", "Task_1.vcxproj", "{111A277F-9F4C-414C-BF39-4C12CFD6D711}"
EndProject
Project("{8BC9CEB8-8B4A-11D0-8D11-00A0C91BC942}") = "GreeterLib", "..\GreeterLib\GreeterLib.vcxproj", "{336DC898-D8D5-41DA-B63A-325F6C7CFE20}"
EndProject
Global
	GlobalSection(SolutionConfigurationPlatforms) = preSolution
		Debug|x64 = Debug|x64
		Debug|x86 = Debug|x86
		Release|x64 = Release|x64
		Release|x86 = Release|x86
	EndGlobalSection
	GlobalSection(ProjectConfigurationPlatforms) = postSolution
		{111A277F-9F4C-414C-BF39-4C12CFD6D711}.Debug|x64.ActiveCfg = Debug|x64
		{111A277F-9F4C-414C-BF39-4C12CFD6D711}.Debug|x64.Build.0 = Debug|x64
		{111A277F-9F4C-414C-BF39-4C12CFD6D711}.Debug|x86.ActiveCfg = Debug|Win32
		{111A277F-9F4C-414C-BF39-4C12CFD6D711}.Debug|x86.Build.0 = Debug|Win32
		{111A277F-9F4C-414C-BF39-4C12CFD6D711}.Release|x64.ActiveCfg = Release|x64
		{111A277F-9F4C-414C-BF39-4C12CFD6D711}.Release|x64.Build.0 = Release|x64
		{111A277F-9F4C-414C-BF39-4C12CFD6D711}.Release|x86.ActiveCfg = Release|Win32
		{111A277F-9F4C-414C-BF39-4C12CFD6D711}.Release|x86.Build.0 = Release|Win32
		{336DC898-D8D5-41DA-B63A-325F6C7CFE20}.Debug|x64.ActiveCfg = Debug|x64
		{336DC898-D8D5-41DA-B63A-325F6C7CFE20}.Debug|x64.Build.0 = Debug|x64
		{336DC898-D8D5-41DA-B63A-325F6C7CFE20}.Debug|x86.ActiveCfg = Debug|Win32
		{336DC898-D8D5-41DA-B63A-325F6C7CFE20}.Debug|x86.Build.0 = Debug|Win32
		{336DC898-D8D5-41DA-B63A-325F6C7CFE20}.Release|x64.ActiveCfg = Release|x64
		{336DC898-D8D5-41DA-B63A-325F6C7CFE20}.Release|x64.Build.0 = Release|x64
		{336DC898-D8D5-41DA-B63A-325F6C7CFE20}.Release|x86.ActiveCfg = Release|Win32
		{336DC898-D8D5-41DA-B63A-325F6C7CFE20}.Release|x86.Build.0 = Release|Win32
	EndGlobalSection
	GlobalSection(SolutionProperties) = preSolution
		HideSolutionNode = FALSE
	EndGlobalSection
	GlobalSection(ExtensibilityGlobals) = postSolution
		SolutionGuid = {FB191ED3-5A7A-4A76-B138-BAB9DA12F03A}
	EndGlobalSection
EndGlobal
